
Microsoft Visual Studio Solution File, Format Version 12.00
# Visual Studio Version 17
VisualStudioVersion = 17.4.33403.182
MinimumVisualStudioVersion = 10.0.40219.1
Project("{FAE04EC0-301F-11D3-BF4B-00C04F79EFBC}") = "Fight game", "Fight game\Fight game.csproj", "{9E7046A6-F346-49FC-933B-A2FD0C9E981A}"
EndProject
Global
	GlobalSection(SolutionConfigurationPlatforms) = preSolution
		Debug|Any CPU = Debug|Any CPU
		Release|Any CPU = Release|Any CPU
	EndGlobalSection
	GlobalSection(ProjectConfigurationPlatforms) = postSolution
		{9E7046A6-F346-49FC-933B-A2FD0C9E981A}.Debug|Any CPU.ActiveCfg = Debug|Any CPU
		{9E7046A6-F346-49FC-933B-A2FD0C9E981A}.Debug|Any CPU.Build.0 = Debug|Any CPU
		{9E7046A6-F346-49FC-933B-A2FD0C9E981A}.Release|Any CPU.ActiveCfg = Release|Any CPU
		{9E7046A6-F346-49FC-933B-A2FD0C9E981A}.Release|Any CPU.Build.0 = Release|Any CPU
	EndGlobalSection
	GlobalSection(SolutionProperties) = preSolution
		HideSolutionNode = FALSE
	EndGlobalSection
	GlobalSection(ExtensibilityGlobals) = postSolution
		SolutionGuid = {82D8A310-4D87-4688-B1F4-23673C9D9691}
	EndGlobalSection
EndGlobal
